
Microsoft Visual Studio Solution File, Format Version 12.00
# Visual Studio Version 17
VisualStudioVersion = 17.10.35013.160
MinimumVisualStudioVersion = 10.0.40219.1
Project("{FAE04EC0-301F-11D3-BF4B-00C04F79EFBC}") = "BookStoreShop", "BookStoreShop\BookStoreShop.csproj", "{D3538A13-0030-45B9-AD09-84229FBB73D4}"
EndProject
Global
	GlobalSection(SolutionConfigurationPlatforms) = preSolution
		Debug|Any CPU = Debug|Any CPU
		Release|Any CPU = Release|Any CPU
	EndGlobalSection
	GlobalSection(ProjectConfigurationPlatforms) = postSolution
		{D3538A13-0030-45B9-AD09-84229FBB73D4}.Debug|Any CPU.ActiveCfg = Debug|Any CPU
		{D3538A13-0030-45B9-AD09-84229FBB73D4}.Debug|Any CPU.Build.0 = Debug|Any CPU
		{D3538A13-0030-45B9-AD09-84229FBB73D4}.Release|Any CPU.ActiveCfg = Release|Any CPU
		{D3538A13-0030-45B9-AD09-84229FBB73D4}.Release|Any CPU.Build.0 = Release|Any CPU
	EndGlobalSection
	GlobalSection(SolutionProperties) = preSolution
		HideSolutionNode = FALSE
	EndGlobalSection
	GlobalSection(ExtensibilityGlobals) = postSolution
		SolutionGuid = {417A7B20-FD26-4477-9D66-5F94ACAE6219}
	EndGlobalSection
EndGlobal
